// !$*UTF8*$!
{
	archiveVersion = 1;
	classes = {
	};
	objectVersion = 50;
	objects = {

/* Begin PBXBuildFile section */
		482C373E251542800063E367 /* MoyaProviderFactory.swift in Sources */ = {isa = PBXBuildFile; fileRef = 482C373D251542800063E367 /* MoyaProviderFactory.swift */; };
		483638EA25094D15003CB440 /* SongsTVCell.swift in Sources */ = {isa = PBXBuildFile; fileRef = 483638E825094D15003CB440 /* SongsTVCell.swift */; };
		483638EB25094D15003CB440 /* SongsTVCell.xib in Resources */ = {isa = PBXBuildFile; fileRef = 483638E925094D15003CB440 /* SongsTVCell.xib */; };
		48569C6625162A31007623B0 /* TimeIntervel+Extension.swift in Sources */ = {isa = PBXBuildFile; fileRef = 48569C6525162A31007623B0 /* TimeIntervel+Extension.swift */; };
		487EC21E2515462100093BC7 /* NetworkTargetType.swift in Sources */ = {isa = PBXBuildFile; fileRef = 487EC21D2515462100093BC7 /* NetworkTargetType.swift */; };
		487EC2242515487B00093BC7 /* SongsListPresenter.swift in Sources */ = {isa = PBXBuildFile; fileRef = 487EC21F2515487B00093BC7 /* SongsListPresenter.swift */; };
		487EC2252515487B00093BC7 /* SongsListRouter.swift in Sources */ = {isa = PBXBuildFile; fileRef = 487EC2202515487B00093BC7 /* SongsListRouter.swift */; };
		487EC2262515487B00093BC7 /* SongsListViewController.swift in Sources */ = {isa = PBXBuildFile; fileRef = 487EC2212515487B00093BC7 /* SongsListViewController.swift */; };
		487EC2272515487B00093BC7 /* SongsListViewController.xib in Resources */ = {isa = PBXBuildFile; fileRef = 487EC2222515487B00093BC7 /* SongsListViewController.xib */; };
		487EC2282515487B00093BC7 /* SongsListService.swift in Sources */ = {isa = PBXBuildFile; fileRef = 487EC2232515487B00093BC7 /* SongsListService.swift */; };
		487EC22A25154A3900093BC7 /* ViewControllerResultDelegate.swift in Sources */ = {isa = PBXBuildFile; fileRef = 487EC22925154A3900093BC7 /* ViewControllerResultDelegate.swift */; };
		487EC23125154C4500093BC7 /* SplashPresenter.swift in Sources */ = {isa = PBXBuildFile; fileRef = 487EC22C25154C4500093BC7 /* SplashPresenter.swift */; };
		487EC23225154C4500093BC7 /* SplashRouter.swift in Sources */ = {isa = PBXBuildFile; fileRef = 487EC22D25154C4500093BC7 /* SplashRouter.swift */; };
		487EC23325154C4500093BC7 /* SplashViewController.swift in Sources */ = {isa = PBXBuildFile; fileRef = 487EC22E25154C4500093BC7 /* SplashViewController.swift */; };
		487EC23425154C4500093BC7 /* SplashViewController.xib in Resources */ = {isa = PBXBuildFile; fileRef = 487EC22F25154C4500093BC7 /* SplashViewController.xib */; };
		487EC23525154C4500093BC7 /* SplashService.swift in Sources */ = {isa = PBXBuildFile; fileRef = 487EC23025154C4500093BC7 /* SplashService.swift */; };
		487EC23B25155C1200093BC7 /* SingleSongPlayerPresenter.swift in Sources */ = {isa = PBXBuildFile; fileRef = 487EC23625155C1200093BC7 /* SingleSongPlayerPresenter.swift */; };
		487EC23C25155C1200093BC7 /* SingleSongPlayerRouter.swift in Sources */ = {isa = PBXBuildFile; fileRef = 487EC23725155C1200093BC7 /* SingleSongPlayerRouter.swift */; };
		487EC23D25155C1200093BC7 /* SingleSongPlayerViewController.swift in Sources */ = {isa = PBXBuildFile; fileRef = 487EC23825155C1200093BC7 /* SingleSongPlayerViewController.swift */; };
		487EC23E25155C1200093BC7 /* SingleSongPlayerViewController.xib in Resources */ = {isa = PBXBuildFile; fileRef = 487EC23925155C1200093BC7 /* SingleSongPlayerViewController.xib */; };
		487EC23F25155C1200093BC7 /* SingleSongPlayerService.swift in Sources */ = {isa = PBXBuildFile; fileRef = 487EC23A25155C1200093BC7 /* SingleSongPlayerService.swift */; };
		487EC24525155C2700093BC7 /* MultiSongPlayerPresenter.swift in Sources */ = {isa = PBXBuildFile; fileRef = 487EC24025155C2700093BC7 /* MultiSongPlayerPresenter.swift */; };
		487EC24625155C2700093BC7 /* MultiSongPlayerRouter.swift in Sources */ = {isa = PBXBuildFile; fileRef = 487EC24125155C2700093BC7 /* MultiSongPlayerRouter.swift */; };
		487EC24725155C2700093BC7 /* MultiSongPlayerViewController.swift in Sources */ = {isa = PBXBuildFile; fileRef = 487EC24225155C2700093BC7 /* MultiSongPlayerViewController.swift */; };
		487EC24825155C2700093BC7 /* MultiSongPlayerViewController.xib in Resources */ = {isa = PBXBuildFile; fileRef = 487EC24325155C2700093BC7 /* MultiSongPlayerViewController.xib */; };
		487EC24925155C2700093BC7 /* MultiSongPlayerService.swift in Sources */ = {isa = PBXBuildFile; fileRef = 487EC24425155C2700093BC7 /* MultiSongPlayerService.swift */; };
		4881A23E2508105100AEB390 /* AppDelegate.swift in Sources */ = {isa = PBXBuildFile; fileRef = 4881A23D2508105100AEB390 /* AppDelegate.swift */; };
		4881A2472508105300AEB390 /* Assets.xcassets in Resources */ = {isa = PBXBuildFile; fileRef = 4881A2462508105300AEB390 /* Assets.xcassets */; };
		4881A24A2508105300AEB390 /* LaunchScreen.storyboard in Resources */ = {isa = PBXBuildFile; fileRef = 4881A2482508105300AEB390 /* LaunchScreen.storyboard */; };
		4881A25725081B7100AEB390 /* UIApplication+Extension.swift in Sources */ = {isa = PBXBuildFile; fileRef = 4881A25625081B7100AEB390 /* UIApplication+Extension.swift */; };
		4881A25B2508202100AEB390 /* SongCoverPhotoCVCell.swift in Sources */ = {isa = PBXBuildFile; fileRef = 4881A2592508202100AEB390 /* SongCoverPhotoCVCell.swift */; };
		4881A25C2508202100AEB390 /* SongCoverPhotoCVCell.xib in Resources */ = {isa = PBXBuildFile; fileRef = 4881A25A2508202100AEB390 /* SongCoverPhotoCVCell.xib */; };
		4881A25E2508226A00AEB390 /* SongsResponse.swift in Sources */ = {isa = PBXBuildFile; fileRef = 4881A25D2508226A00AEB390 /* SongsResponse.swift */; };
		4881A26025082C8500AEB390 /* HTTPFacade.swift in Sources */ = {isa = PBXBuildFile; fileRef = 4881A25F25082C8500AEB390 /* HTTPFacade.swift */; };
		48A6BAE225167A05002A8A06 /* UIViewController+Extension.swift in Sources */ = {isa = PBXBuildFile; fileRef = 48A6BAE125167A05002A8A06 /* UIViewController+Extension.swift */; };
		48A6BAE525168ECF002A8A06 /* AudioManager.swift in Sources */ = {isa = PBXBuildFile; fileRef = 48A6BAE425168ECF002A8A06 /* AudioManager.swift */; };
		48A70C41250C0B90005E5969 /* APICacheManager.swift in Sources */ = {isa = PBXBuildFile; fileRef = 48A70C40250C0B90005E5969 /* APICacheManager.swift */; };
		48A70C49250C25BC005E5969 /* NetworkError.swift in Sources */ = {isa = PBXBuildFile; fileRef = 48A70C44250C25BC005E5969 /* NetworkError.swift */; };
		48A70C4F250C26B4005E5969 /* Constants.swift in Sources */ = {isa = PBXBuildFile; fileRef = 48A70C4E250C26B4005E5969 /* Constants.swift */; };
		48A70C55250C324D005E5969 /* RootRouter.swift in Sources */ = {isa = PBXBuildFile; fileRef = 48A70C54250C324D005E5969 /* RootRouter.swift */; };
		48A70C5F250C4579005E5969 /* ErrorResponse.swift in Sources */ = {isa = PBXBuildFile; fileRef = 48A70C5E250C4579005E5969 /* ErrorResponse.swift */; };
		48B3015F250D65F200C3A05A /* NetworkTarget.swift in Sources */ = {isa = PBXBuildFile; fileRef = 48B3015E250D65F200C3A05A /* NetworkTarget.swift */; };
		7203C560888EB092D0987358 /* libPods-AGMusicPlayer.a in Frameworks */ = {isa = PBXBuildFile; fileRef = B0E1E816DCD969EDC6E93F81 /* libPods-AGMusicPlayer.a */; };
/* End PBXBuildFile section */

/* Begin PBXFileReference section */
		482C373D251542800063E367 /* MoyaProviderFactory.swift */ = {isa = PBXFileReference; lastKnownFileType = sourcecode.swift; path = MoyaProviderFactory.swift; sourceTree = "<group>"; };
		483638E825094D15003CB440 /* SongsTVCell.swift */ = {isa = PBXFileReference; lastKnownFileType = sourcecode.swift; path = SongsTVCell.swift; sourceTree = "<group>"; };
		483638E925094D15003CB440 /* SongsTVCell.xib */ = {isa = PBXFileReference; lastKnownFileType = file.xib; path = SongsTVCell.xib; sourceTree = "<group>"; };
		48569C6525162A31007623B0 /* TimeIntervel+Extension.swift */ = {isa = PBXFileReference; lastKnownFileType = sourcecode.swift; path = "TimeIntervel+Extension.swift"; sourceTree = "<group>"; };
		487EC21D2515462100093BC7 /* NetworkTargetType.swift */ = {isa = PBXFileReference; fileEncoding = 4; lastKnownFileType = sourcecode.swift; path = NetworkTargetType.swift; sourceTree = "<group>"; };
		487EC21F2515487B00093BC7 /* SongsListPresenter.swift */ = {isa = PBXFileReference; lastKnownFileType = sourcecode.swift; path = SongsListPresenter.swift; sourceTree = "<group>"; };
		487EC2202515487B00093BC7 /* SongsListRouter.swift */ = {isa = PBXFileReference; lastKnownFileType = sourcecode.swift; path = SongsListRouter.swift; sourceTree = "<group>"; };
		487EC2212515487B00093BC7 /* SongsListViewController.swift */ = {isa = PBXFileReference; lastKnownFileType = sourcecode.swift; path = SongsListViewController.swift; sourceTree = "<group>"; };
		487EC2222515487B00093BC7 /* SongsListViewController.xib */ = {isa = PBXFileReference; lastKnownFileType = file.xib; path = SongsListViewController.xib; sourceTree = "<group>"; };
		487EC2232515487B00093BC7 /* SongsListService.swift */ = {isa = PBXFileReference; lastKnownFileType = sourcecode.swift; path = SongsListService.swift; sourceTree = "<group>"; };
		487EC22925154A3900093BC7 /* ViewControllerResultDelegate.swift */ = {isa = PBXFileReference; fileEncoding = 4; lastKnownFileType = sourcecode.swift; path = ViewControllerResultDelegate.swift; sourceTree = "<group>"; };
		487EC22C25154C4500093BC7 /* SplashPresenter.swift */ = {isa = PBXFileReference; lastKnownFileType = sourcecode.swift; path = SplashPresenter.swift; sourceTree = "<group>"; };
		487EC22D25154C4500093BC7 /* SplashRouter.swift */ = {isa = PBXFileReference; lastKnownFileType = sourcecode.swift; path = SplashRouter.swift; sourceTree = "<group>"; };
		487EC22E25154C4500093BC7 /* SplashViewController.swift */ = {isa = PBXFileReference; lastKnownFileType = sourcecode.swift; path = SplashViewController.swift; sourceTree = "<group>"; };
		487EC22F25154C4500093BC7 /* SplashViewController.xib */ = {isa = PBXFileReference; lastKnownFileType = file.xib; path = SplashViewController.xib; sourceTree = "<group>"; };
		487EC23025154C4500093BC7 /* SplashService.swift */ = {isa = PBXFileReference; lastKnownFileType = sourcecode.swift; path = SplashService.swift; sourceTree = "<group>"; };
		487EC23625155C1200093BC7 /* SingleSongPlayerPresenter.swift */ = {isa = PBXFileReference; lastKnownFileType = sourcecode.swift; path = SingleSongPlayerPresenter.swift; sourceTree = "<group>"; };
		487EC23725155C1200093BC7 /* SingleSongPlayerRouter.swift */ = {isa = PBXFileReference; lastKnownFileType = sourcecode.swift; path = SingleSongPlayerRouter.swift; sourceTree = "<group>"; };
		487EC23825155C1200093BC7 /* SingleSongPlayerViewController.swift */ = {isa = PBXFileReference; lastKnownFileType = sourcecode.swift; path = SingleSongPlayerViewController.swift; sourceTree = "<group>"; };
		487EC23925155C1200093BC7 /* SingleSongPlayerViewController.xib */ = {isa = PBXFileReference; lastKnownFileType = file.xib; path = SingleSongPlayerViewController.xib; sourceTree = "<group>"; };
		487EC23A25155C1200093BC7 /* SingleSongPlayerService.swift */ = {isa = PBXFileReference; lastKnownFileType = sourcecode.swift; path = SingleSongPlayerService.swift; sourceTree = "<group>"; };
		487EC24025155C2700093BC7 /* MultiSongPlayerPresenter.swift */ = {isa = PBXFileReference; lastKnownFileType = sourcecode.swift; path = MultiSongPlayerPresenter.swift; sourceTree = "<group>"; };
		487EC24125155C2700093BC7 /* MultiSongPlayerRouter.swift */ = {isa = PBXFileReference; lastKnownFileType = sourcecode.swift; path = MultiSongPlayerRouter.swift; sourceTree = "<group>"; };
		487EC24225155C2700093BC7 /* MultiSongPlayerViewController.swift */ = {isa = PBXFileReference; lastKnownFileType = sourcecode.swift; path = MultiSongPlayerViewController.swift; sourceTree = "<group>"; };
		487EC24325155C2700093BC7 /* MultiSongPlayerViewController.xib */ = {isa = PBXFileReference; lastKnownFileType = file.xib; path = MultiSongPlayerViewController.xib; sourceTree = "<group>"; };
		487EC24425155C2700093BC7 /* MultiSongPlayerService.swift */ = {isa = PBXFileReference; lastKnownFileType = sourcecode.swift; path = MultiSongPlayerService.swift; sourceTree = "<group>"; };
		4881A23A2508105100AEB390 /* AGMusicPlayer.app */ = {isa = PBXFileReference; explicitFileType = wrapper.application; includeInIndex = 0; path = AGMusicPlayer.app; sourceTree = BUILT_PRODUCTS_DIR; };
		4881A23D2508105100AEB390 /* AppDelegate.swift */ = {isa = PBXFileReference; lastKnownFileType = sourcecode.swift; path = AppDelegate.swift; sourceTree = "<group>"; };
		4881A2462508105300AEB390 /* Assets.xcassets */ = {isa = PBXFileReference; lastKnownFileType = folder.assetcatalog; path = Assets.xcassets; sourceTree = "<group>"; };
		4881A2492508105300AEB390 /* Base */ = {isa = PBXFileReference; lastKnownFileType = file.storyboard; name = Base; path = Base.lproj/LaunchScreen.storyboard; sourceTree = "<group>"; };
		4881A24B2508105300AEB390 /* Info.plist */ = {isa = PBXFileReference; lastKnownFileType = text.plist.xml; path = Info.plist; sourceTree = "<group>"; };
		4881A25625081B7100AEB390 /* UIApplication+Extension.swift */ = {isa = PBXFileReference; fileEncoding = 4; lastKnownFileType = sourcecode.swift; path = "UIApplication+Extension.swift"; sourceTree = "<group>"; };
		4881A2592508202100AEB390 /* SongCoverPhotoCVCell.swift */ = {isa = PBXFileReference; lastKnownFileType = sourcecode.swift; path = SongCoverPhotoCVCell.swift; sourceTree = "<group>"; };
		4881A25A2508202100AEB390 /* SongCoverPhotoCVCell.xib */ = {isa = PBXFileReference; lastKnownFileType = file.xib; path = SongCoverPhotoCVCell.xib; sourceTree = "<group>"; };
		4881A25D2508226A00AEB390 /* SongsResponse.swift */ = {isa = PBXFileReference; lastKnownFileType = sourcecode.swift; path = SongsResponse.swift; sourceTree = "<group>"; };
		4881A25F25082C8500AEB390 /* HTTPFacade.swift */ = {isa = PBXFileReference; fileEncoding = 4; lastKnownFileType = sourcecode.swift; path = HTTPFacade.swift; sourceTree = "<group>"; };
		48A6BAE125167A05002A8A06 /* UIViewController+Extension.swift */ = {isa = PBXFileReference; lastKnownFileType = sourcecode.swift; path = "UIViewController+Extension.swift"; sourceTree = "<group>"; };
		48A6BAE425168ECF002A8A06 /* AudioManager.swift */ = {isa = PBXFileReference; lastKnownFileType = sourcecode.swift; path = AudioManager.swift; sourceTree = "<group>"; };
		48A70C40250C0B90005E5969 /* APICacheManager.swift */ = {isa = PBXFileReference; fileEncoding = 4; lastKnownFileType = sourcecode.swift; path = APICacheManager.swift; sourceTree = "<group>"; };
		48A70C44250C25BC005E5969 /* NetworkError.swift */ = {isa = PBXFileReference; fileEncoding = 4; lastKnownFileType = sourcecode.swift; path = NetworkError.swift; sourceTree = "<group>"; };
		48A70C4E250C26B4005E5969 /* Constants.swift */ = {isa = PBXFileReference; fileEncoding = 4; lastKnownFileType = sourcecode.swift; path = Constants.swift; sourceTree = "<group>"; };
		48A70C54250C324D005E5969 /* RootRouter.swift */ = {isa = PBXFileReference; lastKnownFileType = sourcecode.swift; path = RootRouter.swift; sourceTree = "<group>"; };
		48A70C5E250C4579005E5969 /* ErrorResponse.swift */ = {isa = PBXFileReference; fileEncoding = 4; lastKnownFileType = sourcecode.swift; path = ErrorResponse.swift; sourceTree = "<group>"; };
		48B3015E250D65F200C3A05A /* NetworkTarget.swift */ = {isa = PBXFileReference; lastKnownFileType = sourcecode.swift; path = NetworkTarget.swift; sourceTree = "<group>"; };
		B0E1E816DCD969EDC6E93F81 /* libPods-AGMusicPlayer.a */ = {isa = PBXFileReference; explicitFileType = archive.ar; includeInIndex = 0; path = "libPods-AGMusicPlayer.a"; sourceTree = BUILT_PRODUCTS_DIR; };
		B1DA546E507EDDDFA9FC7FF2 /* Pods-AGMusicPlayer.release.xcconfig */ = {isa = PBXFileReference; includeInIndex = 1; lastKnownFileType = text.xcconfig; name = "Pods-AGMusicPlayer.release.xcconfig"; path = "Target Support Files/Pods-AGMusicPlayer/Pods-AGMusicPlayer.release.xcconfig"; sourceTree = "<group>"; };
		FBAB187D370566E169816E84 /* Pods-AGMusicPlayer.debug.xcconfig */ = {isa = PBXFileReference; includeInIndex = 1; lastKnownFileType = text.xcconfig; name = "Pods-AGMusicPlayer.debug.xcconfig"; path = "Target Support Files/Pods-AGMusicPlayer/Pods-AGMusicPlayer.debug.xcconfig"; sourceTree = "<group>"; };
/* End PBXFileReference section */

/* Begin PBXFrameworksBuildPhase section */
		4881A2372508105000AEB390 /* Frameworks */ = {
			isa = PBXFrameworksBuildPhase;
			buildActionMask = 2147483647;
			files = (
				7203C560888EB092D0987358 /* libPods-AGMusicPlayer.a in Frameworks */,
			);
			runOnlyForDeploymentPostprocessing = 0;
		};
/* End PBXFrameworksBuildPhase section */

/* Begin PBXGroup section */
		483638E625094CEE003CB440 /* SongsList */ = {
			isa = PBXGroup;
			children = (
				483638E725094CFF003CB440 /* Cell */,
				487EC21F2515487B00093BC7 /* SongsListPresenter.swift */,
				487EC2202515487B00093BC7 /* SongsListRouter.swift */,
				487EC2232515487B00093BC7 /* SongsListService.swift */,
				487EC2212515487B00093BC7 /* SongsListViewController.swift */,
				487EC2222515487B00093BC7 /* SongsListViewController.xib */,
			);
			path = SongsList;
			sourceTree = "<group>";
		};
		483638E725094CFF003CB440 /* Cell */ = {
			isa = PBXGroup;
			children = (
				483638E825094D15003CB440 /* SongsTVCell.swift */,
				483638E925094D15003CB440 /* SongsTVCell.xib */,
			);
			path = Cell;
			sourceTree = "<group>";
		};
		483638EC25094E1D003CB440 /* SingleSongPlayer */ = {
			isa = PBXGroup;
			children = (
				487EC23625155C1200093BC7 /* SingleSongPlayerPresenter.swift */,
				487EC23725155C1200093BC7 /* SingleSongPlayerRouter.swift */,
				487EC23A25155C1200093BC7 /* SingleSongPlayerService.swift */,
				487EC23825155C1200093BC7 /* SingleSongPlayerViewController.swift */,
				487EC23925155C1200093BC7 /* SingleSongPlayerViewController.xib */,
			);
			path = SingleSongPlayer;
			sourceTree = "<group>";
		};
		483638F125094E58003CB440 /* Application */ = {
			isa = PBXGroup;
			children = (
				4881A23D2508105100AEB390 /* AppDelegate.swift */,
				4881A24B2508105300AEB390 /* Info.plist */,
			);
			path = Application;
			sourceTree = "<group>";
		};
		483638F225094E80003CB440 /* Resources */ = {
			isa = PBXGroup;
			children = (
				4881A2462508105300AEB390 /* Assets.xcassets */,
			);
			path = Resources;
			sourceTree = "<group>";
		};
		483638F325094E91003CB440 /* Networking */ = {
			isa = PBXGroup;
			children = (
				48A70C42250C0BA1005E5969 /* APICache */,
				483638F425094EA1003CB440 /* Core */,
				483638F525094EAB003CB440 /* Model */,
			);
			path = Networking;
			sourceTree = "<group>";
		};
		483638F425094EA1003CB440 /* Core */ = {
			isa = PBXGroup;
			children = (
				4881A25F25082C8500AEB390 /* HTTPFacade.swift */,
				482C373D251542800063E367 /* MoyaProviderFactory.swift */,
				487EC21D2515462100093BC7 /* NetworkTargetType.swift */,
				48B3015E250D65F200C3A05A /* NetworkTarget.swift */,
				48A70C44250C25BC005E5969 /* NetworkError.swift */,
			);
			path = Core;
			sourceTree = "<group>";
		};
		483638F525094EAB003CB440 /* Model */ = {
			isa = PBXGroup;
			children = (
				48A70C5E250C4579005E5969 /* ErrorResponse.swift */,
				4881A25D2508226A00AEB390 /* SongsResponse.swift */,
			);
			path = Model;
			sourceTree = "<group>";
		};
		483638F625094ED2003CB440 /* LaunchScreen */ = {
			isa = PBXGroup;
			children = (
				4881A2482508105300AEB390 /* LaunchScreen.storyboard */,
			);
			path = LaunchScreen;
			sourceTree = "<group>";
		};
		483638F725094EFA003CB440 /* Modules */ = {
			isa = PBXGroup;
			children = (
				483638F625094ED2003CB440 /* LaunchScreen */,
				487EC22B25154C2700093BC7 /* Splash */,
				483638E625094CEE003CB440 /* SongsList */,
				483638EC25094E1D003CB440 /* SingleSongPlayer */,
				4881A2552508199200AEB390 /* MultiSongsPlayer */,
			);
			path = Modules;
			sourceTree = "<group>";
		};
		487EC22B25154C2700093BC7 /* Splash */ = {
			isa = PBXGroup;
			children = (
				487EC22C25154C4500093BC7 /* SplashPresenter.swift */,
				487EC22D25154C4500093BC7 /* SplashRouter.swift */,
				487EC23025154C4500093BC7 /* SplashService.swift */,
				487EC22E25154C4500093BC7 /* SplashViewController.swift */,
				487EC22F25154C4500093BC7 /* SplashViewController.xib */,
			);
			path = Splash;
			sourceTree = "<group>";
		};
		4881A2312508105000AEB390 = {
			isa = PBXGroup;
			children = (
				4881A23C2508105100AEB390 /* AGMusicPlayer */,
				4881A23B2508105100AEB390 /* Products */,
				E2D68D6C9F8E8C554A1BEEAE /* Pods */,
				8CA9A2F8C2380CABCA5E4389 /* Frameworks */,
			);
			sourceTree = "<group>";
		};
		4881A23B2508105100AEB390 /* Products */ = {
			isa = PBXGroup;
			children = (
				4881A23A2508105100AEB390 /* AGMusicPlayer.app */,
			);
			name = Products;
			sourceTree = "<group>";
		};
		4881A23C2508105100AEB390 /* AGMusicPlayer */ = {
			isa = PBXGroup;
			children = (
				483638F125094E58003CB440 /* Application */,
				48A70C50250C26BE005E5969 /* Helper */,
				483638F225094E80003CB440 /* Resources */,
				483638F325094E91003CB440 /* Networking */,
				48A70C53250C3234005E5969 /* Router */,
				483638F725094EFA003CB440 /* Modules */,
			);
			path = AGMusicPlayer;
			sourceTree = "<group>";
		};
		4881A2552508199200AEB390 /* MultiSongsPlayer */ = {
			isa = PBXGroup;
			children = (
				4881A25825081FFA00AEB390 /* Cell */,
				487EC24025155C2700093BC7 /* MultiSongPlayerPresenter.swift */,
				487EC24125155C2700093BC7 /* MultiSongPlayerRouter.swift */,
				487EC24425155C2700093BC7 /* MultiSongPlayerService.swift */,
				487EC24225155C2700093BC7 /* MultiSongPlayerViewController.swift */,
				487EC24325155C2700093BC7 /* MultiSongPlayerViewController.xib */,
			);
			path = MultiSongsPlayer;
			sourceTree = "<group>";
		};
		4881A25825081FFA00AEB390 /* Cell */ = {
			isa = PBXGroup;
			children = (
				4881A2592508202100AEB390 /* SongCoverPhotoCVCell.swift */,
				4881A25A2508202100AEB390 /* SongCoverPhotoCVCell.xib */,
			);
			path = Cell;
			sourceTree = "<group>";
		};
		48A6BAE325168EAF002A8A06 /* AudioManager */ = {
			isa = PBXGroup;
			children = (
				48A6BAE425168ECF002A8A06 /* AudioManager.swift */,
			);
			path = AudioManager;
			sourceTree = "<group>";
		};
		48A70C42250C0BA1005E5969 /* APICache */ = {
			isa = PBXGroup;
			children = (
				48A70C40250C0B90005E5969 /* APICacheManager.swift */,
			);
			path = APICache;
			sourceTree = "<group>";
		};
		48A70C50250C26BE005E5969 /* Helper */ = {
			isa = PBXGroup;
			children = (
				48A6BAE325168EAF002A8A06 /* AudioManager */,
				48A70C5B250C3A8C005E5969 /* Extension */,
				48A70C5A250C3A7E005E5969 /* Constants */,
			);
			path = Helper;
			sourceTree = "<group>";
		};
		48A70C53250C3234005E5969 /* Router */ = {
			isa = PBXGroup;
			children = (
				48A70C54250C324D005E5969 /* RootRouter.swift */,
				487EC22925154A3900093BC7 /* ViewControllerResultDelegate.swift */,
			);
			path = Router;
			sourceTree = "<group>";
		};
		48A70C5A250C3A7E005E5969 /* Constants */ = {
			isa = PBXGroup;
			children = (
				48A70C4E250C26B4005E5969 /* Constants.swift */,
			);
			path = Constants;
			sourceTree = "<group>";
		};
		48A70C5B250C3A8C005E5969 /* Extension */ = {
			isa = PBXGroup;
			children = (
				4881A25625081B7100AEB390 /* UIApplication+Extension.swift */,
				48569C6525162A31007623B0 /* TimeIntervel+Extension.swift */,
				48A6BAE125167A05002A8A06 /* UIViewController+Extension.swift */,
			);
			path = Extension;
			sourceTree = "<group>";
		};
		8CA9A2F8C2380CABCA5E4389 /* Frameworks */ = {
			isa = PBXGroup;
			children = (
				B0E1E816DCD969EDC6E93F81 /* libPods-AGMusicPlayer.a */,
			);
			name = Frameworks;
			sourceTree = "<group>";
		};
		E2D68D6C9F8E8C554A1BEEAE /* Pods */ = {
			isa = PBXGroup;
			children = (
				FBAB187D370566E169816E84 /* Pods-AGMusicPlayer.debug.xcconfig */,
				B1DA546E507EDDDFA9FC7FF2 /* Pods-AGMusicPlayer.release.xcconfig */,
			);
			path = Pods;
			sourceTree = "<group>";
		};
/* End PBXGroup section */

/* Begin PBXNativeTarget section */
		4881A2392508105000AEB390 /* AGMusicPlayer */ = {
			isa = PBXNativeTarget;
			buildConfigurationList = 4881A24E2508105300AEB390 /* Build configuration list for PBXNativeTarget "AGMusicPlayer" */;
			buildPhases = (
				777A1F8EF42B6E09B68F5E4C /* [CP] Check Pods Manifest.lock */,
				4881A2362508105000AEB390 /* Sources */,
				4881A2372508105000AEB390 /* Frameworks */,
				4881A2382508105000AEB390 /* Resources */,
			);
			buildRules = (
			);
			dependencies = (
			);
			name = AGMusicPlayer;
			productName = AGMusicPlayer;
			productReference = 4881A23A2508105100AEB390 /* AGMusicPlayer.app */;
			productType = "com.apple.product-type.application";
		};
/* End PBXNativeTarget section */

/* Begin PBXProject section */
		4881A2322508105000AEB390 /* Project object */ = {
			isa = PBXProject;
			attributes = {
				LastSwiftUpdateCheck = 1150;
				LastUpgradeCheck = 1150;
				ORGANIZATIONNAME = "Ayush Gupta";
				TargetAttributes = {
					4881A2392508105000AEB390 = {
						CreatedOnToolsVersion = 11.5;
					};
				};
			};
			buildConfigurationList = 4881A2352508105000AEB390 /* Build configuration list for PBXProject "AGMusicPlayer" */;
			compatibilityVersion = "Xcode 9.3";
			developmentRegion = en;
			hasScannedForEncodings = 0;
			knownRegions = (
				en,
				Base,
			);
			mainGroup = 4881A2312508105000AEB390;
			productRefGroup = 4881A23B2508105100AEB390 /* Products */;
			projectDirPath = "";
			projectRoot = "";
			targets = (
				4881A2392508105000AEB390 /* AGMusicPlayer */,
			);
		};
/* End PBXProject section */

/* Begin PBXResourcesBuildPhase section */
		4881A2382508105000AEB390 /* Resources */ = {
			isa = PBXResourcesBuildPhase;
			buildActionMask = 2147483647;
			files = (
				487EC24825155C2700093BC7 /* MultiSongPlayerViewController.xib in Resources */,
				487EC23E25155C1200093BC7 /* SingleSongPlayerViewController.xib in Resources */,
				487EC23425154C4500093BC7 /* SplashViewController.xib in Resources */,
				487EC2272515487B00093BC7 /* SongsListViewController.xib in Resources */,
				483638EB25094D15003CB440 /* SongsTVCell.xib in Resources */,
				4881A24A2508105300AEB390 /* LaunchScreen.storyboard in Resources */,
				4881A25C2508202100AEB390 /* SongCoverPhotoCVCell.xib in Resources */,
				4881A2472508105300AEB390 /* Assets.xcassets in Resources */,
			);
			runOnlyForDeploymentPostprocessing = 0;
		};
/* End PBXResourcesBuildPhase section */

/* Begin PBXShellScriptBuildPhase section */
		777A1F8EF42B6E09B68F5E4C /* [CP] Check Pods Manifest.lock */ = {
			isa = PBXShellScriptBuildPhase;
			buildActionMask = 2147483647;
			files = (
			);
			inputFileListPaths = (
			);
			inputPaths = (
				"${PODS_PODFILE_DIR_PATH}/Podfile.lock",
				"${PODS_ROOT}/Manifest.lock",
			);
			name = "[CP] Check Pods Manifest.lock";
			outputFileListPaths = (
			);
			outputPaths = (
				"$(DERIVED_FILE_DIR)/Pods-AGMusicPlayer-checkManifestLockResult.txt",
			);
			runOnlyForDeploymentPostprocessing = 0;
			shellPath = /bin/sh;
			shellScript = "diff \"${PODS_PODFILE_DIR_PATH}/Podfile.lock\" \"${PODS_ROOT}/Manifest.lock\" > /dev/null\nif [ $? != 0 ] ; then\n    # print error to STDERR\n    echo \"error: The sandbox is not in sync with the Podfile.lock. Run 'pod install' or update your CocoaPods installation.\" >&2\n    exit 1\nfi\n# This output is used by Xcode 'outputs' to avoid re-running this script phase.\necho \"SUCCESS\" > \"${SCRIPT_OUTPUT_FILE_0}\"\n";
			showEnvVarsInLog = 0;
		};
/* End PBXShellScriptBuildPhase section */

/* Begin PBXSourcesBuildPhase section */
		4881A2362508105000AEB390 /* Sources */ = {
			isa = PBXSourcesBuildPhase;
			buildActionMask = 2147483647;
			files = (
				487EC2252515487B00093BC7 /* SongsListRouter.swift in Sources */,
				487EC22A25154A3900093BC7 /* ViewControllerResultDelegate.swift in Sources */,
				487EC23C25155C1200093BC7 /* SingleSongPlayerRouter.swift in Sources */,
				483638EA25094D15003CB440 /* SongsTVCell.swift in Sources */,
				48A70C55250C324D005E5969 /* RootRouter.swift in Sources */,
				48A70C41250C0B90005E5969 /* APICacheManager.swift in Sources */,
				487EC2262515487B00093BC7 /* SongsListViewController.swift in Sources */,
				487EC24925155C2700093BC7 /* MultiSongPlayerService.swift in Sources */,
				487EC21E2515462100093BC7 /* NetworkTargetType.swift in Sources */,
				487EC23D25155C1200093BC7 /* SingleSongPlayerViewController.swift in Sources */,
				4881A26025082C8500AEB390 /* HTTPFacade.swift in Sources */,
				4881A23E2508105100AEB390 /* AppDelegate.swift in Sources */,
				48A6BAE225167A05002A8A06 /* UIViewController+Extension.swift in Sources */,
				4881A25E2508226A00AEB390 /* SongsResponse.swift in Sources */,
				487EC24725155C2700093BC7 /* MultiSongPlayerViewController.swift in Sources */,
				48A70C4F250C26B4005E5969 /* Constants.swift in Sources */,
				4881A25725081B7100AEB390 /* UIApplication+Extension.swift in Sources */,
				4881A25B2508202100AEB390 /* SongCoverPhotoCVCell.swift in Sources */,
				487EC24625155C2700093BC7 /* MultiSongPlayerRouter.swift in Sources */,
				482C373E251542800063E367 /* MoyaProviderFactory.swift in Sources */,
				48A6BAE525168ECF002A8A06 /* AudioManager.swift in Sources */,
				487EC23F25155C1200093BC7 /* SingleSongPlayerService.swift in Sources */,
				48B3015F250D65F200C3A05A /* NetworkTarget.swift in Sources */,
				487EC23B25155C1200093BC7 /* SingleSongPlayerPresenter.swift in Sources */,
				487EC24525155C2700093BC7 /* MultiSongPlayerPresenter.swift in Sources */,
				48569C6625162A31007623B0 /* TimeIntervel+Extension.swift in Sources */,
				487EC23325154C4500093BC7 /* SplashViewController.swift in Sources */,
				487EC2242515487B00093BC7 /* SongsListPresenter.swift in Sources */,
				48A70C49250C25BC005E5969 /* NetworkError.swift in Sources */,
				487EC23525154C4500093BC7 /* SplashService.swift in Sources */,
				48A70C5F250C4579005E5969 /* ErrorResponse.swift in Sources */,
				487EC2282515487B00093BC7 /* SongsListService.swift in Sources */,
				487EC23225154C4500093BC7 /* SplashRouter.swift in Sources */,
				487EC23125154C4500093BC7 /* SplashPresenter.swift in Sources */,
			);
			runOnlyForDeploymentPostprocessing = 0;
		};
/* End PBXSourcesBuildPhase section */

/* Begin PBXVariantGroup section */
		4881A2482508105300AEB390 /* LaunchScreen.storyboard */ = {
			isa = PBXVariantGroup;
			children = (
				4881A2492508105300AEB390 /* Base */,
			);
			name = LaunchScreen.storyboard;
			sourceTree = "<group>";
		};
/* End PBXVariantGroup section */

/* Begin XCBuildConfiguration section */
		4881A24C2508105300AEB390 /* Debug */ = {
			isa = XCBuildConfiguration;
			buildSettings = {
				ALWAYS_SEARCH_USER_PATHS = NO;
				CLANG_ANALYZER_NONNULL = YES;
				CLANG_ANALYZER_NUMBER_OBJECT_CONVERSION = YES_AGGRESSIVE;
				CLANG_CXX_LANGUAGE_STANDARD = "gnu++14";
				CLANG_CXX_LIBRARY = "libc++";
				CLANG_ENABLE_MODULES = YES;
				CLANG_ENABLE_OBJC_ARC = YES;
				CLANG_ENABLE_OBJC_WEAK = YES;
				CLANG_WARN_BLOCK_CAPTURE_AUTORELEASING = YES;
				CLANG_WARN_BOOL_CONVERSION = YES;
				CLANG_WARN_COMMA = YES;
				CLANG_WARN_CONSTANT_CONVERSION = YES;
				CLANG_WARN_DEPRECATED_OBJC_IMPLEMENTATIONS = YES;
				CLANG_WARN_DIRECT_OBJC_ISA_USAGE = YES_ERROR;
				CLANG_WARN_DOCUMENTATION_COMMENTS = YES;
				CLANG_WARN_EMPTY_BODY = YES;
				CLANG_WARN_ENUM_CONVERSION = YES;
				CLANG_WARN_INFINITE_RECURSION = YES;
				CLANG_WARN_INT_CONVERSION = YES;
				CLANG_WARN_NON_LITERAL_NULL_CONVERSION = YES;
				CLANG_WARN_OBJC_IMPLICIT_RETAIN_SELF = YES;
				CLANG_WARN_OBJC_LITERAL_CONVERSION = YES;
				CLANG_WARN_OBJC_ROOT_CLASS = YES_ERROR;
				CLANG_WARN_RANGE_LOOP_ANALYSIS = YES;
				CLANG_WARN_STRICT_PROTOTYPES = YES;
				CLANG_WARN_SUSPICIOUS_MOVE = YES;
				CLANG_WARN_UNGUARDED_AVAILABILITY = YES_AGGRESSIVE;
				CLANG_WARN_UNREACHABLE_CODE = YES;
				CLANG_WARN__DUPLICATE_METHOD_MATCH = YES;
				COPY_PHASE_STRIP = NO;
				DEBUG_INFORMATION_FORMAT = dwarf;
				ENABLE_STRICT_OBJC_MSGSEND = YES;
				ENABLE_TESTABILITY = YES;
				GCC_C_LANGUAGE_STANDARD = gnu11;
				GCC_DYNAMIC_NO_PIC = NO;
				GCC_NO_COMMON_BLOCKS = YES;
				GCC_OPTIMIZATION_LEVEL = 0;
				GCC_PREPROCESSOR_DEFINITIONS = (
					"DEBUG=1",
					"$(inherited)",
				);
				GCC_WARN_64_TO_32_BIT_CONVERSION = YES;
				GCC_WARN_ABOUT_RETURN_TYPE = YES_ERROR;
				GCC_WARN_UNDECLARED_SELECTOR = YES;
				GCC_WARN_UNINITIALIZED_AUTOS = YES_AGGRESSIVE;
				GCC_WARN_UNUSED_FUNCTION = YES;
				GCC_WARN_UNUSED_VARIABLE = YES;
				IPHONEOS_DEPLOYMENT_TARGET = 13.5;
				MTL_ENABLE_DEBUG_INFO = INCLUDE_SOURCE;
				MTL_FAST_MATH = YES;
				ONLY_ACTIVE_ARCH = YES;
				SDKROOT = iphoneos;
				SWIFT_ACTIVE_COMPILATION_CONDITIONS = DEBUG;
				SWIFT_OPTIMIZATION_LEVEL = "-Onone";
			};
			name = Debug;
		};
		4881A24D2508105300AEB390 /* Release */ = {
			isa = XCBuildConfiguration;
			buildSettings = {
				ALWAYS_SEARCH_USER_PATHS = NO;
				CLANG_ANALYZER_NONNULL = YES;
				CLANG_ANALYZER_NUMBER_OBJECT_CONVERSION = YES_AGGRESSIVE;
				CLANG_CXX_LANGUAGE_STANDARD = "gnu++14";
				CLANG_CXX_LIBRARY = "libc++";
				CLANG_ENABLE_MODULES = YES;
				CLANG_ENABLE_OBJC_ARC = YES;
				CLANG_ENABLE_OBJC_WEAK = YES;
				CLANG_WARN_BLOCK_CAPTURE_AUTORELEASING = YES;
				CLANG_WARN_BOOL_CONVERSION = YES;
				CLANG_WARN_COMMA = YES;
				CLANG_WARN_CONSTANT_CONVERSION = YES;
				CLANG_WARN_DEPRECATED_OBJC_IMPLEMENTATIONS = YES;
				CLANG_WARN_DIRECT_OBJC_ISA_USAGE = YES_ERROR;
				CLANG_WARN_DOCUMENTATION_COMMENTS = YES;
				CLANG_WARN_EMPTY_BODY = YES;
				CLANG_WARN_ENUM_CONVERSION = YES;
				CLANG_WARN_INFINITE_RECURSION = YES;
				CLANG_WARN_INT_CONVERSION = YES;
				CLANG_WARN_NON_LITERAL_NULL_CONVERSION = YES;
				CLANG_WARN_OBJC_IMPLICIT_RETAIN_SELF = YES;
				CLANG_WARN_OBJC_LITERAL_CONVERSION = YES;
				CLANG_WARN_OBJC_ROOT_CLASS = YES_ERROR;
				CLANG_WARN_RANGE_LOOP_ANALYSIS = YES;
				CLANG_WARN_STRICT_PROTOTYPES = YES;
				CLANG_WARN_SUSPICIOUS_MOVE = YES;
				CLANG_WARN_UNGUARDED_AVAILABILITY = YES_AGGRESSIVE;
				CLANG_WARN_UNREACHABLE_CODE = YES;
				CLANG_WARN__DUPLICATE_METHOD_MATCH = YES;
				COPY_PHASE_STRIP = NO;
				DEBUG_INFORMATION_FORMAT = "dwarf-with-dsym";
				ENABLE_NS_ASSERTIONS = NO;
				ENABLE_STRICT_OBJC_MSGSEND = YES;
				GCC_C_LANGUAGE_STANDARD = gnu11;
				GCC_NO_COMMON_BLOCKS = YES;
				GCC_WARN_64_TO_32_BIT_CONVERSION = YES;
				GCC_WARN_ABOUT_RETURN_TYPE = YES_ERROR;
				GCC_WARN_UNDECLARED_SELECTOR = YES;
				GCC_WARN_UNINITIALIZED_AUTOS = YES_AGGRESSIVE;
				GCC_WARN_UNUSED_FUNCTION = YES;
				GCC_WARN_UNUSED_VARIABLE = YES;
				IPHONEOS_DEPLOYMENT_TARGET = 13.5;
				MTL_ENABLE_DEBUG_INFO = NO;
				MTL_FAST_MATH = YES;
				SDKROOT = iphoneos;
				SWIFT_COMPILATION_MODE = wholemodule;
				SWIFT_OPTIMIZATION_LEVEL = "-O";
				VALIDATE_PRODUCT = YES;
			};
			name = Release;
		};
		4881A24F2508105300AEB390 /* Debug */ = {
			isa = XCBuildConfiguration;
			baseConfigurationReference = FBAB187D370566E169816E84 /* Pods-AGMusicPlayer.debug.xcconfig */;
			buildSettings = {
				ASSETCATALOG_COMPILER_APPICON_NAME = AppIcon;
				CODE_SIGN_STYLE = Automatic;
				DEVELOPMENT_TEAM = GQZ3Z44547;
				INFOPLIST_FILE = /Users/ayushgupta/Documents/Projects/AGMusicPlayer/AGMusicPlayer/Application/Info.plist;
				IPHONEOS_DEPLOYMENT_TARGET = 12.0;
				LD_RUNPATH_SEARCH_PATHS = (
					"$(inherited)",
					"@executable_path/Frameworks",
				);
				MARKETING_VERSION = 1.0.0;
				PRODUCT_BUNDLE_IDENTIFIER = com.ayush.AGMusicPlayer;
				PRODUCT_NAME = "$(TARGET_NAME)";
				SWIFT_VERSION = 5.0;
				TARGETED_DEVICE_FAMILY = 1;
			};
			name = Debug;
		};
		4881A2502508105300AEB390 /* Release */ = {
			isa = XCBuildConfiguration;
			baseConfigurationReference = B1DA546E507EDDDFA9FC7FF2 /* Pods-AGMusicPlayer.release.xcconfig */;
			buildSettings = {
				ASSETCATALOG_COMPILER_APPICON_NAME = AppIcon;
				CODE_SIGN_STYLE = Automatic;
				DEVELOPMENT_TEAM = GQZ3Z44547;
				INFOPLIST_FILE = /Users/ayushgupta/Documents/Projects/AGMusicPlayer/AGMusicPlayer/Application/Info.plist;
				IPHONEOS_DEPLOYMENT_TARGET = 12.0;
				LD_RUNPATH_SEARCH_PATHS = (
					"$(inherited)",
					"@executable_path/Frameworks",
				);
				MARKETING_VERSION = 1.0.0;
				PRODUCT_BUNDLE_IDENTIFIER = com.ayush.AGMusicPlayer;
				PRODUCT_NAME = "$(TARGET_NAME)";
				SWIFT_VERSION = 5.0;
				TARGETED_DEVICE_FAMILY = 1;
			};
			name = Release;
		};
/* End XCBuildConfiguration section */

/* Begin XCConfigurationList section */
		4881A2352508105000AEB390 /* Build configuration list for PBXProject "AGMusicPlayer" */ = {
			isa = XCConfigurationList;
			buildConfigurations = (
				4881A24C2508105300AEB390 /* Debug */,
				4881A24D2508105300AEB390 /* Release */,
			);
			defaultConfigurationIsVisible = 0;
			defaultConfigurationName = Release;
		};
		4881A24E2508105300AEB390 /* Build configuration list for PBXNativeTarget "AGMusicPlayer" */ = {
			isa = XCConfigurationList;
			buildConfigurations = (
				4881A24F2508105300AEB390 /* Debug */,
				4881A2502508105300AEB390 /* Release */,
			);
			defaultConfigurationIsVisible = 0;
			defaultConfigurationName = Release;
		};
/* End XCConfigurationList section */
	};
	rootObject = 4881A2322508105000AEB390 /* Project object */;
}
